
Microsoft Visual Studio Solution File, Format Version 12.00
# Visual Studio Version 17
VisualStudioVersion = 17.11.35327.3
MinimumVisualStudioVersion = 10.0.40219.1
Project("{9A19103F-16F7-4668-BE54-9A1E7A4F7556}") = "MTCG", "MTCG.csproj", "{75BD95BB-3261-413A-9D4F-13E06F5C0F4F}"
EndProject
Project("{9A19103F-16F7-4668-BE54-9A1E7A4F7556}") = "MTCG-uTests", "..\UnitTests\MTCG-uTests.csproj", "{28698962-895D-4351-81B8-ADBEA582BEAF}"
EndProject
Global
	GlobalSection(SolutionConfigurationPlatforms) = preSolution
		Debug|Any CPU = Debug|Any CPU
		Release|Any CPU = Release|Any CPU
	EndGlobalSection
	GlobalSection(ProjectConfigurationPlatforms) = postSolution
		{75BD95BB-3261-413A-9D4F-13E06F5C0F4F}.Debug|Any CPU.ActiveCfg = Debug|Any CPU
		{75BD95BB-3261-413A-9D4F-13E06F5C0F4F}.Debug|Any CPU.Build.0 = Debug|Any CPU
		{75BD95BB-3261-413A-9D4F-13E06F5C0F4F}.Release|Any CPU.ActiveCfg = Release|Any CPU
		{75BD95BB-3261-413A-9D4F-13E06F5C0F4F}.Release|Any CPU.Build.0 = Release|Any CPU
		{28698962-895D-4351-81B8-ADBEA582BEAF}.Debug|Any CPU.ActiveCfg = Debug|Any CPU
		{28698962-895D-4351-81B8-ADBEA582BEAF}.Debug|Any CPU.Build.0 = Debug|Any CPU
		{28698962-895D-4351-81B8-ADBEA582BEAF}.Release|Any CPU.ActiveCfg = Release|Any CPU
		{28698962-895D-4351-81B8-ADBEA582BEAF}.Release|Any CPU.Build.0 = Release|Any CPU
	EndGlobalSection
	GlobalSection(SolutionProperties) = preSolution
		HideSolutionNode = FALSE
	EndGlobalSection
	GlobalSection(ExtensibilityGlobals) = postSolution
		SolutionGuid = {8F08E931-53D3-42B0-B839-7D76C33C8724}
	EndGlobalSection
EndGlobal
